
Microsoft Visual Studio Solution File, Format Version 12.00
# Visual Studio Version 17
VisualStudioVersion = 17.11.35327.3
MinimumVisualStudioVersion = 10.0.40219.1
Project("{FAE04EC0-301F-11D3-BF4B-00C04F79EFBC}") = "frmBasicThread", "frmBasicThread\frmBasicThread.csproj", "{370ABC51-CECF-4B11-B588-0D4C72DBE0D8}"
EndProject
Global
	GlobalSection(SolutionConfigurationPlatforms) = preSolution
		Debug|Any CPU = Debug|Any CPU
		Release|Any CPU = Release|Any CPU
	EndGlobalSection
	GlobalSection(ProjectConfigurationPlatforms) = postSolution
		{370ABC51-CECF-4B11-B588-0D4C72DBE0D8}.Debug|Any CPU.ActiveCfg = Debug|Any CPU
		{370ABC51-CECF-4B11-B588-0D4C72DBE0D8}.Debug|Any CPU.Build.0 = Debug|Any CPU
		{370ABC51-CECF-4B11-B588-0D4C72DBE0D8}.Release|Any CPU.ActiveCfg = Release|Any CPU
		{370ABC51-CECF-4B11-B588-0D4C72DBE0D8}.Release|Any CPU.Build.0 = Release|Any CPU
	EndGlobalSection
	GlobalSection(SolutionProperties) = preSolution
		HideSolutionNode = FALSE
	EndGlobalSection
	GlobalSection(ExtensibilityGlobals) = postSolution
		SolutionGuid = {3F4F2A1A-B28B-4073-BC79-0E60C04487AA}
	EndGlobalSection
EndGlobal
